
Microsoft Visual Studio Solution File, Format Version 12.00
# Visual Studio Version 16
VisualStudioVersion = 16.0.32602.291
MinimumVisualStudioVersion = 10.0.40219.1
Project("{FAE04EC0-301F-11D3-BF4B-00C04F79EFBC}") = "CapDatos", "CapDatos\CapDatos.csproj", "{0BB2C723-0376-4A68-AB84-B21D3AC53EA7}"
EndProject
Project("{FAE04EC0-301F-11D3-BF4B-00C04F79EFBC}") = "CapNegocio", "CapNegocio\CapNegocio.csproj", "{45BC3895-AFA5-481B-90FA-23B09FC35429}"
EndProject
Project("{FAE04EC0-301F-11D3-BF4B-00C04F79EFBC}") = "CapPresentacion", "capPresentacion\CapPresentacion.csproj", "{4DF6AB0D-1C37-40F7-BBD2-62415034A8BC}"
EndProject
Global
	GlobalSection(SolutionConfigurationPlatforms) = preSolution
		Debug|Any CPU = Debug|Any CPU
		Release|Any CPU = Release|Any CPU
	EndGlobalSection
	GlobalSection(ProjectConfigurationPlatforms) = postSolution
		{0BB2C723-0376-4A68-AB84-B21D3AC53EA7}.Debug|Any CPU.ActiveCfg = Debug|Any CPU
		{0BB2C723-0376-4A68-AB84-B21D3AC53EA7}.Debug|Any CPU.Build.0 = Debug|Any CPU
		{0BB2C723-0376-4A68-AB84-B21D3AC53EA7}.Release|Any CPU.ActiveCfg = Release|Any CPU
		{0BB2C723-0376-4A68-AB84-B21D3AC53EA7}.Release|Any CPU.Build.0 = Release|Any CPU
		{45BC3895-AFA5-481B-90FA-23B09FC35429}.Debug|Any CPU.ActiveCfg = Debug|Any CPU
		{45BC3895-AFA5-481B-90FA-23B09FC35429}.Debug|Any CPU.Build.0 = Debug|Any CPU
		{45BC3895-AFA5-481B-90FA-23B09FC35429}.Release|Any CPU.ActiveCfg = Release|Any CPU
		{45BC3895-AFA5-481B-90FA-23B09FC35429}.Release|Any CPU.Build.0 = Release|Any CPU
		{4DF6AB0D-1C37-40F7-BBD2-62415034A8BC}.Debug|Any CPU.ActiveCfg = Debug|Any CPU
		{4DF6AB0D-1C37-40F7-BBD2-62415034A8BC}.Debug|Any CPU.Build.0 = Debug|Any CPU
		{4DF6AB0D-1C37-40F7-BBD2-62415034A8BC}.Release|Any CPU.ActiveCfg = Release|Any CPU
		{4DF6AB0D-1C37-40F7-BBD2-62415034A8BC}.Release|Any CPU.Build.0 = Release|Any CPU
	EndGlobalSection
	GlobalSection(SolutionProperties) = preSolution
		HideSolutionNode = FALSE
	EndGlobalSection
	GlobalSection(ExtensibilityGlobals) = postSolution
		SolutionGuid = {D93482D6-2EF4-4989-AE31-2A84B67FBCDD}
	EndGlobalSection
EndGlobal
